
Microsoft Visual Studio Solution File, Format Version 12.00
# Visual Studio Version 17
VisualStudioVersion = 17.0.31903.59
MinimumVisualStudioVersion = 10.0.40219.1
Project("{FAE04EC0-301F-11D3-BF4B-00C04F79EFBC}") = "StatControl.UWP", "StatControl.UWP\StatControl.UWP.csproj", "{5B278B2A-64C3-4D0A-9CBD-E2C1EEA432EC}"
EndProject
Project("{FAE04EC0-301F-11D3-BF4B-00C04F79EFBC}") = "StatControl.Android", "StatControl.Android\StatControl.Android.csproj", "{DB4CE278-F5FA-4370-B406-DC28E852C5E3}"
EndProject
Project("{FAE04EC0-301F-11D3-BF4B-00C04F79EFBC}") = "StatControl.iOS", "StatControl.iOS\StatControl.iOS.csproj", "{CD2DA2DD-0CFB-44E5-802D-D943EAF1639A}"
EndProject
Project("{FAE04EC0-301F-11D3-BF4B-00C04F79EFBC}") = "StatControl", "StatControl\StatControl.csproj", "{38239B20-6461-49E4-AB03-65DE3138FB96}"
EndProject
Global
	GlobalSection(SolutionConfigurationPlatforms) = preSolution
		Debug|Any CPU = Debug|Any CPU
		Debug|ARM = Debug|ARM
		Debug|iPhone = Debug|iPhone
		Debug|iPhoneSimulator = Debug|iPhoneSimulator
		Debug|x64 = Debug|x64
		Debug|x86 = Debug|x86
		Release|Any CPU = Release|Any CPU
		Release|ARM = Release|ARM
		Release|iPhone = Release|iPhone
		Release|iPhoneSimulator = Release|iPhoneSimulator
		Release|x64 = Release|x64
		Release|x86 = Release|x86
	EndGlobalSection
	GlobalSection(ProjectConfigurationPlatforms) = postSolution
		{5B278B2A-64C3-4D0A-9CBD-E2C1EEA432EC}.Debug|Any CPU.ActiveCfg = Debug|x64
		{5B278B2A-64C3-4D0A-9CBD-E2C1EEA432EC}.Debug|Any CPU.Build.0 = Debug|x64
		{5B278B2A-64C3-4D0A-9CBD-E2C1EEA432EC}.Debug|Any CPU.Deploy.0 = Debug|x64
		{5B278B2A-64C3-4D0A-9CBD-E2C1EEA432EC}.Debug|ARM.ActiveCfg = Debug|ARM
		{5B278B2A-64C3-4D0A-9CBD-E2C1EEA432EC}.Debug|ARM.Build.0 = Debug|ARM
		{5B278B2A-64C3-4D0A-9CBD-E2C1EEA432EC}.Debug|ARM.Deploy.0 = Debug|ARM
		{5B278B2A-64C3-4D0A-9CBD-E2C1EEA432EC}.Debug|iPhone.ActiveCfg = Debug|x64
		{5B278B2A-64C3-4D0A-9CBD-E2C1EEA432EC}.Debug|iPhone.Build.0 = Debug|x64
		{5B278B2A-64C3-4D0A-9CBD-E2C1EEA432EC}.Debug|iPhone.Deploy.0 = Debug|x64
		{5B278B2A-64C3-4D0A-9CBD-E2C1EEA432EC}.Debug|iPhoneSimulator.ActiveCfg = Debug|x64
		{5B278B2A-64C3-4D0A-9CBD-E2C1EEA432EC}.Debug|iPhoneSimulator.Build.0 = Debug|x64
		{5B278B2A-64C3-4D0A-9CBD-E2C1EEA432EC}.Debug|iPhoneSimulator.Deploy.0 = Debug|x64
		{5B278B2A-64C3-4D0A-9CBD-E2C1EEA432EC}.Debug|x64.ActiveCfg = Debug|x64
		{5B278B2A-64C3-4D0A-9CBD-E2C1EEA432EC}.Debug|x64.Build.0 = Debug|x64
		{5B278B2A-64C3-4D0A-9CBD-E2C1EEA432EC}.Debug|x64.Deploy.0 = Debug|x64
		{5B278B2A-64C3-4D0A-9CBD-E2C1EEA432EC}.Debug|x86.ActiveCfg = Debug|x86
		{5B278B2A-64C3-4D0A-9CBD-E2C1EEA432EC}.Debug|x86.Build.0 = Debug|x86
		{5B278B2A-64C3-4D0A-9CBD-E2C1EEA432EC}.Debug|x86.Deploy.0 = Debug|x86
		{5B278B2A-64C3-4D0A-9CBD-E2C1EEA432EC}.Release|Any CPU.ActiveCfg = Release|x64
		{5B278B2A-64C3-4D0A-9CBD-E2C1EEA432EC}.Release|Any CPU.Build.0 = Release|x64
		{5B278B2A-64C3-4D0A-9CBD-E2C1EEA432EC}.Release|Any CPU.Deploy.0 = Release|x64
		{5B278B2A-64C3-4D0A-9CBD-E2C1EEA432EC}.Release|ARM.ActiveCfg = Release|ARM
		{5B278B2A-64C3-4D0A-9CBD-E2C1EEA432EC}.Release|ARM.Build.0 = Release|ARM
		{5B278B2A-64C3-4D0A-9CBD-E2C1EEA432EC}.Release|ARM.Deploy.0 = Release|ARM
		{5B278B2A-64C3-4D0A-9CBD-E2C1EEA432EC}.Release|iPhone.ActiveCfg = Release|x64
		{5B278B2A-64C3-4D0A-9CBD-E2C1EEA432EC}.Release|iPhone.Build.0 = Release|x64
		{5B278B2A-64C3-4D0A-9CBD-E2C1EEA432EC}.Release|iPhone.Deploy.0 = Release|x64
		{5B278B2A-64C3-4D0A-9CBD-E2C1EEA432EC}.Release|iPhoneSimulator.ActiveCfg = Release|x64
		{5B278B2A-64C3-4D0A-9CBD-E2C1EEA432EC}.Release|iPhoneSimulator.Build.0 = Release|x64
		{5B278B2A-64C3-4D0A-9CBD-E2C1EEA432EC}.Release|iPhoneSimulator.Deploy.0 = Release|x64
		{5B278B2A-64C3-4D0A-9CBD-E2C1EEA432EC}.Release|x64.ActiveCfg = Release|x64
		{5B278B2A-64C3-4D0A-9CBD-E2C1EEA432EC}.Release|x64.Build.0 = Release|x64
		{5B278B2A-64C3-4D0A-9CBD-E2C1EEA432EC}.Release|x64.Deploy.0 = Release|x64
		{5B278B2A-64C3-4D0A-9CBD-E2C1EEA432EC}.Release|x86.ActiveCfg = Release|x86
		{5B278B2A-64C3-4D0A-9CBD-E2C1EEA432EC}.Release|x86.Build.0 = Release|x86
		{5B278B2A-64C3-4D0A-9CBD-E2C1EEA432EC}.Release|x86.Deploy.0 = Release|x86
		{DB4CE278-F5FA-4370-B406-DC28E852C5E3}.Debug|Any CPU.ActiveCfg = Debug|Any CPU
		{DB4CE278-F5FA-4370-B406-DC28E852C5E3}.Debug|Any CPU.Build.0 = Debug|Any CPU
		{DB4CE278-F5FA-4370-B406-DC28E852C5E3}.Debug|Any CPU.Deploy.0 = Debug|Any CPU
		{DB4CE278-F5FA-4370-B406-DC28E852C5E3}.Debug|ARM.ActiveCfg = Debug|Any CPU
		{DB4CE278-F5FA-4370-B406-DC28E852C5E3}.Debug|ARM.Build.0 = Debug|Any CPU
		{DB4CE278-F5FA-4370-B406-DC28E852C5E3}.Debug|ARM.Deploy.0 = Debug|Any CPU
		{DB4CE278-F5FA-4370-B406-DC28E852C5E3}.Debug|iPhone.ActiveCfg = Debug|Any CPU
		{DB4CE278-F5FA-4370-B406-DC28E852C5E3}.Debug|iPhone.Build.0 = Debug|Any CPU
		{DB4CE278-F5FA-4370-B406-DC28E852C5E3}.Debug|iPhone.Deploy.0 = Debug|Any CPU
		{DB4CE278-F5FA-4370-B406-DC28E852C5E3}.Debug|iPhoneSimulator.ActiveCfg = Debug|Any CPU
		{DB4CE278-F5FA-4370-B406-DC28E852C5E3}.Debug|iPhoneSimulator.Build.0 = Debug|Any CPU
		{DB4CE278-F5FA-4370-B406-DC28E852C5E3}.Debug|iPhoneSimulator.Deploy.0 = Debug|Any CPU
		{DB4CE278-F5FA-4370-B406-DC28E852C5E3}.Debug|x64.ActiveCfg = Debug|Any CPU
		{DB4CE278-F5FA-4370-B406-DC28E852C5E3}.Debug|x64.Build.0 = Debug|Any CPU
		{DB4CE278-F5FA-4370-B406-DC28E852C5E3}.Debug|x64.Deploy.0 = Debug|Any CPU
		{DB4CE278-F5FA-4370-B406-DC28E852C5E3}.Debug|x86.ActiveCfg = Debug|Any CPU
		{DB4CE278-F5FA-4370-B406-DC28E852C5E3}.Debug|x86.Build.0 = Debug|Any CPU
		{DB4CE278-F5FA-4370-B406-DC28E852C5E3}.Debug|x86.Deploy.0 = Debug|Any CPU
		{DB4CE278-F5FA-4370-B406-DC28E852C5E3}.Release|Any CPU.ActiveCfg = Release|Any CPU
		{DB4CE278-F5FA-4370-B406-DC28E852C5E3}.Release|Any CPU.Build.0 = Release|Any CPU
		{DB4CE278-F5FA-4370-B406-DC28E852C5E3}.Release|Any CPU.Deploy.0 = Release|Any CPU
		{DB4CE278-F5FA-4370-B406-DC28E852C5E3}.Release|ARM.ActiveCfg = Release|Any CPU
		{DB4CE278-F5FA-4370-B406-DC28E852C5E3}.Release|ARM.Build.0 = Release|Any CPU
		{DB4CE278-F5FA-4370-B406-DC28E852C5E3}.Release|ARM.Deploy.0 = Release|Any CPU
		{DB4CE278-F5FA-4370-B406-DC28E852C5E3}.Release|iPhone.ActiveCfg = Release|Any CPU
		{DB4CE278-F5FA-4370-B406-DC28E852C5E3}.Release|iPhone.Build.0 = Release|Any CPU
		{DB4CE278-F5FA-4370-B406-DC28E852C5E3}.Release|iPhone.Deploy.0 = Release|Any CPU
		{DB4CE278-F5FA-4370-B406-DC28E852C5E3}.Release|iPhoneSimulator.ActiveCfg = Release|Any CPU
		{DB4CE278-F5FA-4370-B406-DC28E852C5E3}.Release|iPhoneSimulator.Build.0 = Release|Any CPU
		{DB4CE278-F5FA-4370-B406-DC28E852C5E3}.Release|iPhoneSimulator.Deploy.0 = Release|Any CPU
		{DB4CE278-F5FA-4370-B406-DC28E852C5E3}.Release|x64.ActiveCfg = Release|Any CPU
		{DB4CE278-F5FA-4370-B406-DC28E852C5E3}.Release|x64.Build.0 = Release|Any CPU
		{DB4CE278-F5FA-4370-B406-DC28E852C5E3}.Release|x64.Deploy.0 = Release|Any CPU
		{DB4CE278-F5FA-4370-B406-DC28E852C5E3}.Release|x86.ActiveCfg = Release|Any CPU
		{DB4CE278-F5FA-4370-B406-DC28E852C5E3}.Release|x86.Build.0 = Release|Any CPU
		{DB4CE278-F5FA-4370-B406-DC28E852C5E3}.Release|x86.Deploy.0 = Release|Any CPU
		{CD2DA2DD-0CFB-44E5-802D-D943EAF1639A}.Debug|Any CPU.ActiveCfg = Debug|iPhoneSimulator
		{CD2DA2DD-0CFB-44E5-802D-D943EAF1639A}.Debug|Any CPU.Build.0 = Debug|iPhoneSimulator
		{CD2DA2DD-0CFB-44E5-802D-D943EAF1639A}.Debug|Any CPU.Deploy.0 = Debug|iPhoneSimulator
		{CD2DA2DD-0CFB-44E5-802D-D943EAF1639A}.Debug|ARM.ActiveCfg = Debug|iPhoneSimulator
		{CD2DA2DD-0CFB-44E5-802D-D943EAF1639A}.Debug|ARM.Build.0 = Debug|iPhoneSimulator
		{CD2DA2DD-0CFB-44E5-802D-D943EAF1639A}.Debug|ARM.Deploy.0 = Debug|iPhoneSimulator
		{CD2DA2DD-0CFB-44E5-802D-D943EAF1639A}.Debug|iPhone.ActiveCfg = Debug|iPhone
		{CD2DA2DD-0CFB-44E5-802D-D943EAF1639A}.Debug|iPhone.Build.0 = Debug|iPhone
		{CD2DA2DD-0CFB-44E5-802D-D943EAF1639A}.Debug|iPhone.Deploy.0 = Debug|iPhone
		{CD2DA2DD-0CFB-44E5-802D-D943EAF1639A}.Debug|iPhoneSimulator.ActiveCfg = Debug|iPhoneSimulator
		{CD2DA2DD-0CFB-44E5-802D-D943EAF1639A}.Debug|iPhoneSimulator.Build.0 = Debug|iPhoneSimulator
		{CD2DA2DD-0CFB-44E5-802D-D943EAF1639A}.Debug|iPhoneSimulator.Deploy.0 = Debug|iPhoneSimulator
		{CD2DA2DD-0CFB-44E5-802D-D943EAF1639A}.Debug|x64.ActiveCfg = Debug|iPhone
		{CD2DA2DD-0CFB-44E5-802D-D943EAF1639A}.Debug|x64.Build.0 = Debug|iPhone
		{CD2DA2DD-0CFB-44E5-802D-D943EAF1639A}.Debug|x64.Deploy.0 = Debug|iPhone
		{CD2DA2DD-0CFB-44E5-802D-D943EAF1639A}.Debug|x86.ActiveCfg = Debug|iPhoneSimulator
		{CD2DA2DD-0CFB-44E5-802D-D943EAF1639A}.Debug|x86.Build.0 = Debug|iPhoneSimulator
		{CD2DA2DD-0CFB-44E5-802D-D943EAF1639A}.Debug|x86.Deploy.0 = Debug|iPhoneSimulator
		{CD2DA2DD-0CFB-44E5-802D-D943EAF1639A}.Release|Any CPU.ActiveCfg = Release|iPhoneSimulator
		{CD2DA2DD-0CFB-44E5-802D-D943EAF1639A}.Release|Any CPU.Build.0 = Release|iPhoneSimulator
		{CD2DA2DD-0CFB-44E5-802D-D943EAF1639A}.Release|Any CPU.Deploy.0 = Release|iPhoneSimulator
		{CD2DA2DD-0CFB-44E5-802D-D943EAF1639A}.Release|ARM.ActiveCfg = Release|iPhoneSimulator
		{CD2DA2DD-0CFB-44E5-802D-D943EAF1639A}.Release|ARM.Build.0 = Release|iPhoneSimulator
		{CD2DA2DD-0CFB-44E5-802D-D943EAF1639A}.Release|ARM.Deploy.0 = Release|iPhoneSimulator
		{CD2DA2DD-0CFB-44E5-802D-D943EAF1639A}.Release|iPhone.ActiveCfg = Release|iPhone
		{CD2DA2DD-0CFB-44E5-802D-D943EAF1639A}.Release|iPhone.Build.0 = Release|iPhone
		{CD2DA2DD-0CFB-44E5-802D-D943EAF1639A}.Release|iPhone.Deploy.0 = Release|iPhone
		{CD2DA2DD-0CFB-44E5-802D-D943EAF1639A}.Release|iPhoneSimulator.ActiveCfg = Release|iPhoneSimulator
		{CD2DA2DD-0CFB-44E5-802D-D943EAF1639A}.Release|iPhoneSimulator.Build.0 = Release|iPhoneSimulator
		{CD2DA2DD-0CFB-44E5-802D-D943EAF1639A}.Release|iPhoneSimulator.Deploy.0 = Release|iPhoneSimulator
		{CD2DA2DD-0CFB-44E5-802D-D943EAF1639A}.Release|x64.ActiveCfg = Release|iPhoneSimulator
		{CD2DA2DD-0CFB-44E5-802D-D943EAF1639A}.Release|x64.Build.0 = Release|iPhoneSimulator
		{CD2DA2DD-0CFB-44E5-802D-D943EAF1639A}.Release|x64.Deploy.0 = Release|iPhoneSimulator
		{CD2DA2DD-0CFB-44E5-802D-D943EAF1639A}.Release|x86.ActiveCfg = Release|iPhoneSimulator
		{CD2DA2DD-0CFB-44E5-802D-D943EAF1639A}.Release|x86.Build.0 = Release|iPhoneSimulator
		{CD2DA2DD-0CFB-44E5-802D-D943EAF1639A}.Release|x86.Deploy.0 = Release|iPhoneSimulator
		{38239B20-6461-49E4-AB03-65DE3138FB96}.Debug|Any CPU.ActiveCfg = Debug|Any CPU
		{38239B20-6461-49E4-AB03-65DE3138FB96}.Debug|Any CPU.Build.0 = Debug|Any CPU
		{38239B20-6461-49E4-AB03-65DE3138FB96}.Debug|Any CPU.Deploy.0 = Debug|Any CPU
		{38239B20-6461-49E4-AB03-65DE3138FB96}.Debug|ARM.ActiveCfg = Debug|Any CPU
		{38239B20-6461-49E4-AB03-65DE3138FB96}.Debug|ARM.Build.0 = Debug|Any CPU
		{38239B20-6461-49E4-AB03-65DE3138FB96}.Debug|ARM.Deploy.0 = Debug|Any CPU
		{38239B20-6461-49E4-AB03-65DE3138FB96}.Debug|iPhone.ActiveCfg = Debug|Any CPU
		{38239B20-6461-49E4-AB03-65DE3138FB96}.Debug|iPhone.Build.0 = Debug|Any CPU
		{38239B20-6461-49E4-AB03-65DE3138FB96}.Debug|iPhone.Deploy.0 = Debug|Any CPU
		{38239B20-6461-49E4-AB03-65DE3138FB96}.Debug|iPhoneSimulator.ActiveCfg = Debug|Any CPU
		{38239B20-6461-49E4-AB03-65DE3138FB96}.Debug|iPhoneSimulator.Build.0 = Debug|Any CPU
		{38239B20-6461-49E4-AB03-65DE3138FB96}.Debug|iPhoneSimulator.Deploy.0 = Debug|Any CPU
		{38239B20-6461-49E4-AB03-65DE3138FB96}.Debug|x64.ActiveCfg = Debug|Any CPU
		{38239B20-6461-49E4-AB03-65DE3138FB96}.Debug|x64.Build.0 = Debug|Any CPU
		{38239B20-6461-49E4-AB03-65DE3138FB96}.Debug|x64.Deploy.0 = Debug|Any CPU
		{38239B20-6461-49E4-AB03-65DE3138FB96}.Debug|x86.ActiveCfg = Debug|Any CPU
		{38239B20-6461-49E4-AB03-65DE3138FB96}.Debug|x86.Build.0 = Debug|Any CPU
		{38239B20-6461-49E4-AB03-65DE3138FB96}.Debug|x86.Deploy.0 = Debug|Any CPU
		{38239B20-6461-49E4-AB03-65DE3138FB96}.Release|Any CPU.ActiveCfg = Release|Any CPU
		{38239B20-6461-49E4-AB03-65DE3138FB96}.Release|Any CPU.Build.0 = Release|Any CPU
		{38239B20-6461-49E4-AB03-65DE3138FB96}.Release|Any CPU.Deploy.0 = Release|Any CPU
		{38239B20-6461-49E4-AB03-65DE3138FB96}.Release|ARM.ActiveCfg = Release|Any CPU
		{38239B20-6461-49E4-AB03-65DE3138FB96}.Release|ARM.Build.0 = Release|Any CPU
		{38239B20-6461-49E4-AB03-65DE3138FB96}.Release|ARM.Deploy.0 = Release|Any CPU
		{38239B20-6461-49E4-AB03-65DE3138FB96}.Release|iPhone.ActiveCfg = Release|Any CPU
		{38239B20-6461-49E4-AB03-65DE3138FB96}.Release|iPhone.Build.0 = Release|Any CPU
		{38239B20-6461-49E4-AB03-65DE3138FB96}.Release|iPhone.Deploy.0 = Release|Any CPU
		{38239B20-6461-49E4-AB03-65DE3138FB96}.Release|iPhoneSimulator.ActiveCfg = Release|Any CPU
		{38239B20-6461-49E4-AB03-65DE3138FB96}.Release|iPhoneSimulator.Build.0 = Release|Any CPU
		{38239B20-6461-49E4-AB03-65DE3138FB96}.Release|iPhoneSimulator.Deploy.0 = Release|Any CPU
		{38239B20-6461-49E4-AB03-65DE3138FB96}.Release|x64.ActiveCfg = Release|Any CPU
		{38239B20-6461-49E4-AB03-65DE3138FB96}.Release|x64.Build.0 = Release|Any CPU
		{38239B20-6461-49E4-AB03-65DE3138FB96}.Release|x64.Deploy.0 = Release|Any CPU
		{38239B20-6461-49E4-AB03-65DE3138FB96}.Release|x86.ActiveCfg = Release|Any CPU
		{38239B20-6461-49E4-AB03-65DE3138FB96}.Release|x86.Build.0 = Release|Any CPU
		{38239B20-6461-49E4-AB03-65DE3138FB96}.Release|x86.Deploy.0 = Release|Any CPU
	EndGlobalSection
	GlobalSection(SolutionProperties) = preSolution
		HideSolutionNode = FALSE
	EndGlobalSection
	GlobalSection(ExtensibilityGlobals) = postSolution
		SolutionGuid = {87B74DA5-AEF9-4C52-AB38-50F1EF20E0D3}
	EndGlobalSection
EndGlobal
